
Microsoft Visual Studio Solution File, Format Version 12.00
# Visual Studio Version 17
VisualStudioVersion = 17.0.31903.59
MinimumVisualStudioVersion = 10.0.40219.1
Project("{FAE04EC0-301F-11D3-BF4B-00C04F79EFBC}") = "Restaurants.API", "Restaurants.API\Restaurants.API.csproj", "{BFF3391D-A0A0-445A-A4B6-C789A4EF1C46}"
EndProject
Project("{2150E333-8FDC-42A3-9474-1A3956D46DE8}") = "Solution Items", "Solution Items", "{80C97193-17CB-43EA-A739-8A53073C3252}"
	ProjectSection(SolutionItems) = preProject
		.editorconfig = .editorconfig
		README.md = README.md
	EndProjectSection
EndProject
Project("{FAE04EC0-301F-11D3-BF4B-00C04F79EFBC}") = "Restaurants.Domain", "Restaurants.Domain\Restaurants.Domain.csproj", "{2A7F1CB7-0CEC-48AF-AE54-8FAE970EB0FA}"
EndProject
Project("{FAE04EC0-301F-11D3-BF4B-00C04F79EFBC}") = "Restaurants.Infrastructure", "Restaurants.Infrastructure\Restaurants.Infrastructure.csproj", "{988D9E3D-EC99-4256-9FF8-3A7AB1EECCF7}"
EndProject
Project("{FAE04EC0-301F-11D3-BF4B-00C04F79EFBC}") = "Restaurants.Application", "Restaurants.Application\Restaurants.Application.csproj", "{8027B88D-92E3-49B5-AA3F-B357CFE456B9}"
EndProject
Project("{E53339B2-1760-4266-BCC7-CA923CBCF16C}") = "docker-compose", "docker-compose.dcproj", "{36EDF09F-0F02-43E0-9477-53F11D23F975}"
EndProject
Project("{FAE04EC0-301F-11D3-BF4B-00C04F79EFBC}") = "Restaurants.Domain.Tests", "Restaurants.DomainTests\Restaurants.Domain.Tests.csproj", "{577DAFF5-66A2-4BE5-BC44-6928C1983A1F}"
EndProject
Project("{FAE04EC0-301F-11D3-BF4B-00C04F79EFBC}") = "Restaurants.Infrastructure.Tests", "Restaurants.InfrastructureTests\Restaurants.Infrastructure.Tests.csproj", "{4E4CD6A7-AB52-4D5D-831A-402FBB80E7B9}"
EndProject
Project("{FAE04EC0-301F-11D3-BF4B-00C04F79EFBC}") = "Restaurants.Application.Tests", "Restaurants.ApplicationTests\Restaurants.Application.Tests.csproj", "{4B1643F5-E2A6-4F66-A9D5-427DF74F3D02}"
EndProject
Global
	GlobalSection(SolutionConfigurationPlatforms) = preSolution
		Debug|Any CPU = Debug|Any CPU
		Release|Any CPU = Release|Any CPU
	EndGlobalSection
	GlobalSection(ProjectConfigurationPlatforms) = postSolution
		{BFF3391D-A0A0-445A-A4B6-C789A4EF1C46}.Debug|Any CPU.ActiveCfg = Debug|Any CPU
		{BFF3391D-A0A0-445A-A4B6-C789A4EF1C46}.Debug|Any CPU.Build.0 = Debug|Any CPU
		{BFF3391D-A0A0-445A-A4B6-C789A4EF1C46}.Release|Any CPU.ActiveCfg = Release|Any CPU
		{BFF3391D-A0A0-445A-A4B6-C789A4EF1C46}.Release|Any CPU.Build.0 = Release|Any CPU
		{2A7F1CB7-0CEC-48AF-AE54-8FAE970EB0FA}.Debug|Any CPU.ActiveCfg = Debug|Any CPU
		{2A7F1CB7-0CEC-48AF-AE54-8FAE970EB0FA}.Debug|Any CPU.Build.0 = Debug|Any CPU
		{2A7F1CB7-0CEC-48AF-AE54-8FAE970EB0FA}.Release|Any CPU.ActiveCfg = Release|Any CPU
		{2A7F1CB7-0CEC-48AF-AE54-8FAE970EB0FA}.Release|Any CPU.Build.0 = Release|Any CPU
		{988D9E3D-EC99-4256-9FF8-3A7AB1EECCF7}.Debug|Any CPU.ActiveCfg = Debug|Any CPU
		{988D9E3D-EC99-4256-9FF8-3A7AB1EECCF7}.Debug|Any CPU.Build.0 = Debug|Any CPU
		{988D9E3D-EC99-4256-9FF8-3A7AB1EECCF7}.Release|Any CPU.ActiveCfg = Release|Any CPU
		{988D9E3D-EC99-4256-9FF8-3A7AB1EECCF7}.Release|Any CPU.Build.0 = Release|Any CPU
		{8027B88D-92E3-49B5-AA3F-B357CFE456B9}.Debug|Any CPU.ActiveCfg = Debug|Any CPU
		{8027B88D-92E3-49B5-AA3F-B357CFE456B9}.Debug|Any CPU.Build.0 = Debug|Any CPU
		{8027B88D-92E3-49B5-AA3F-B357CFE456B9}.Release|Any CPU.ActiveCfg = Release|Any CPU
		{8027B88D-92E3-49B5-AA3F-B357CFE456B9}.Release|Any CPU.Build.0 = Release|Any CPU
		{36EDF09F-0F02-43E0-9477-53F11D23F975}.Debug|Any CPU.ActiveCfg = Debug|Any CPU
		{36EDF09F-0F02-43E0-9477-53F11D23F975}.Debug|Any CPU.Build.0 = Debug|Any CPU
		{36EDF09F-0F02-43E0-9477-53F11D23F975}.Release|Any CPU.ActiveCfg = Release|Any CPU
		{36EDF09F-0F02-43E0-9477-53F11D23F975}.Release|Any CPU.Build.0 = Release|Any CPU
		{577DAFF5-66A2-4BE5-BC44-6928C1983A1F}.Debug|Any CPU.ActiveCfg = Debug|Any CPU
		{577DAFF5-66A2-4BE5-BC44-6928C1983A1F}.Debug|Any CPU.Build.0 = Debug|Any CPU
		{577DAFF5-66A2-4BE5-BC44-6928C1983A1F}.Release|Any CPU.ActiveCfg = Release|Any CPU
		{577DAFF5-66A2-4BE5-BC44-6928C1983A1F}.Release|Any CPU.Build.0 = Release|Any CPU
		{4E4CD6A7-AB52-4D5D-831A-402FBB80E7B9}.Debug|Any CPU.ActiveCfg = Debug|Any CPU
		{4E4CD6A7-AB52-4D5D-831A-402FBB80E7B9}.Debug|Any CPU.Build.0 = Debug|Any CPU
		{4E4CD6A7-AB52-4D5D-831A-402FBB80E7B9}.Release|Any CPU.ActiveCfg = Release|Any CPU
		{4E4CD6A7-AB52-4D5D-831A-402FBB80E7B9}.Release|Any CPU.Build.0 = Release|Any CPU
		{4B1643F5-E2A6-4F66-A9D5-427DF74F3D02}.Debug|Any CPU.ActiveCfg = Debug|Any CPU
		{4B1643F5-E2A6-4F66-A9D5-427DF74F3D02}.Debug|Any CPU.Build.0 = Debug|Any CPU
		{4B1643F5-E2A6-4F66-A9D5-427DF74F3D02}.Release|Any CPU.ActiveCfg = Release|Any CPU
		{4B1643F5-E2A6-4F66-A9D5-427DF74F3D02}.Release|Any CPU.Build.0 = Release|Any CPU
	EndGlobalSection
	GlobalSection(SolutionProperties) = preSolution
		HideSolutionNode = FALSE
	EndGlobalSection
EndGlobal
